
Microsoft Visual Studio Solution File, Format Version 12.00
# Visual Studio Version 16
VisualStudioVersion = 16.0.31112.23
MinimumVisualStudioVersion = 10.0.40219.1
Project("{FAE04EC0-301F-11D3-BF4B-00C04F79EFBC}") = "FoodMeasureApp", "FoodMeasureApp\FoodMeasureApp.csproj", "{0529F4D5-BEEC-4F71-8D90-81CDF0930755}"
EndProject
Global
	GlobalSection(SolutionConfigurationPlatforms) = preSolution
		Debug|Any CPU = Debug|Any CPU
		Release|Any CPU = Release|Any CPU
	EndGlobalSection
	GlobalSection(ProjectConfigurationPlatforms) = postSolution
		{0529F4D5-BEEC-4F71-8D90-81CDF0930755}.Debug|Any CPU.ActiveCfg = Debug|Any CPU
		{0529F4D5-BEEC-4F71-8D90-81CDF0930755}.Debug|Any CPU.Build.0 = Debug|Any CPU
		{0529F4D5-BEEC-4F71-8D90-81CDF0930755}.Release|Any CPU.ActiveCfg = Release|Any CPU
		{0529F4D5-BEEC-4F71-8D90-81CDF0930755}.Release|Any CPU.Build.0 = Release|Any CPU
	EndGlobalSection
	GlobalSection(SolutionProperties) = preSolution
		HideSolutionNode = FALSE
	EndGlobalSection
	GlobalSection(ExtensibilityGlobals) = postSolution
		SolutionGuid = {04E584B1-ADD6-4779-AFEA-9DB51F07C799}
	EndGlobalSection
EndGlobal
